
Microsoft Visual Studio Solution File, Format Version 12.00
# Visual Studio Version 16
VisualStudioVersion = 16.0.31025.194
MinimumVisualStudioVersion = 10.0.40219.1
Project("{FAE04EC0-301F-11D3-BF4B-00C04F79EFBC}") = "EventAppMVC", "EventAppMVC\EventAppMVC.csproj", "{16400B6F-55F7-436F-80EB-0E67C17A0FE9}"
EndProject
Global
	GlobalSection(SolutionConfigurationPlatforms) = preSolution
		Debug|Any CPU = Debug|Any CPU
		Release|Any CPU = Release|Any CPU
	EndGlobalSection
	GlobalSection(ProjectConfigurationPlatforms) = postSolution
		{16400B6F-55F7-436F-80EB-0E67C17A0FE9}.Debug|Any CPU.ActiveCfg = Debug|Any CPU
		{16400B6F-55F7-436F-80EB-0E67C17A0FE9}.Debug|Any CPU.Build.0 = Debug|Any CPU
		{16400B6F-55F7-436F-80EB-0E67C17A0FE9}.Release|Any CPU.ActiveCfg = Release|Any CPU
		{16400B6F-55F7-436F-80EB-0E67C17A0FE9}.Release|Any CPU.Build.0 = Release|Any CPU
	EndGlobalSection
	GlobalSection(SolutionProperties) = preSolution
		HideSolutionNode = FALSE
	EndGlobalSection
	GlobalSection(ExtensibilityGlobals) = postSolution
		SolutionGuid = {A355A389-AE22-419D-9ABE-D9C128EA0319}
	EndGlobalSection
EndGlobal
